// !$*UTF8*$!
{
	archiveVersion = 1;
	classes = {
	};
	objectVersion = 48;
	objects = {

/* Begin PBXBuildFile section */
		F64FE21F242268F4007B2E4E /* AppDelegate.swift in Sources */ = {isa = PBXBuildFile; fileRef = F64FE21E242268F4007B2E4E /* AppDelegate.swift */; };
		F64FE221242268F4007B2E4E /* SceneDelegate.swift in Sources */ = {isa = PBXBuildFile; fileRef = F64FE220242268F4007B2E4E /* SceneDelegate.swift */; };
		F64FE223242268F4007B2E4E /* ContentView.swift in Sources */ = {isa = PBXBuildFile; fileRef = F64FE222242268F4007B2E4E /* ContentView.swift */; };
		F64FE225242268F6007B2E4E /* Assets.xcassets in Resources */ = {isa = PBXBuildFile; fileRef = F64FE224242268F6007B2E4E /* Assets.xcassets */; };
		F64FE228242268F6007B2E4E /* Preview Assets.xcassets in Resources */ = {isa = PBXBuildFile; fileRef = F64FE227242268F6007B2E4E /* Preview Assets.xcassets */; };
		F64FE22B242268F6007B2E4E /* LaunchScreen.storyboard in Resources */ = {isa = PBXBuildFile; fileRef = F64FE229242268F6007B2E4E /* LaunchScreen.storyboard */; };
		F67DE52C2431788B004EC51A /* nostlan-ios.js in Resources */ = {isa = PBXBuildFile; fileRef = F67DE52B2431788B004EC51A /* nostlan-ios.js */; };
/* End PBXBuildFile section */

/* Begin PBXFileReference section */
		F64FE21B242268F4007B2E4E /* Nostlan.app */ = {isa = PBXFileReference; explicitFileType = wrapper.application; includeInIndex = 0; path = Nostlan.app; sourceTree = BUILT_PRODUCTS_DIR; };
		F64FE21E242268F4007B2E4E /* AppDelegate.swift */ = {isa = PBXFileReference; lastKnownFileType = sourcecode.swift; path = AppDelegate.swift; sourceTree = "<group>"; };
		F64FE220242268F4007B2E4E /* SceneDelegate.swift */ = {isa = PBXFileReference; lastKnownFileType = sourcecode.swift; path = SceneDelegate.swift; sourceTree = "<group>"; };
		F64FE222242268F4007B2E4E /* ContentView.swift */ = {isa = PBXFileReference; lastKnownFileType = sourcecode.swift; path = ContentView.swift; sourceTree = "<group>"; };
		F64FE224242268F6007B2E4E /* Assets.xcassets */ = {isa = PBXFileReference; lastKnownFileType = folder.assetcatalog; path = Assets.xcassets; sourceTree = "<group>"; };
		F64FE227242268F6007B2E4E /* Preview Assets.xcassets */ = {isa = PBXFileReference; lastKnownFileType = folder.assetcatalog; path = "Preview Assets.xcassets"; sourceTree = "<group>"; };
		F64FE22A242268F6007B2E4E /* Base */ = {isa = PBXFileReference; lastKnownFileType = file.storyboard; name = Base; path = Base.lproj/LaunchScreen.storyboard; sourceTree = "<group>"; };
		F64FE22C242268F6007B2E4E /* Info.plist */ = {isa = PBXFileReference; lastKnownFileType = text.plist.xml; path = Info.plist; sourceTree = "<group>"; };
		F67DE52B2431788B004EC51A /* nostlan-ios.js */ = {isa = PBXFileReference; lastKnownFileType = sourcecode.javascript; path = "nostlan-ios.js"; sourceTree = "<group>"; };
/* End PBXFileReference section */

/* Begin PBXFrameworksBuildPhase section */
		F64FE218242268F4007B2E4E /* Frameworks */ = {
			isa = PBXFrameworksBuildPhase;
			buildActionMask = 2147483647;
			files = (
			);
			runOnlyForDeploymentPostprocessing = 0;
		};
/* End PBXFrameworksBuildPhase section */

/* Begin PBXGroup section */
		F64FE212242268F4007B2E4E = {
			isa = PBXGroup;
			children = (
				F64FE21D242268F4007B2E4E /* Nostlan */,
				F64FE21C242268F4007B2E4E /* Products */,
			);
			sourceTree = "<group>";
		};
		F64FE21C242268F4007B2E4E /* Products */ = {
			isa = PBXGroup;
			children = (
				F64FE21B242268F4007B2E4E /* Nostlan.app */,
			);
			name = Products;
			sourceTree = "<group>";
		};
		F64FE21D242268F4007B2E4E /* Nostlan */ = {
			isa = PBXGroup;
			children = (
				F64FE21E242268F4007B2E4E /* AppDelegate.swift */,
				F64FE220242268F4007B2E4E /* SceneDelegate.swift */,
				F64FE222242268F4007B2E4E /* ContentView.swift */,
				F64FE224242268F6007B2E4E /* Assets.xcassets */,
				F64FE229242268F6007B2E4E /* LaunchScreen.storyboard */,
				F64FE22C242268F6007B2E4E /* Info.plist */,
				F64FE226242268F6007B2E4E /* Preview Content */,
				F67DE52B2431788B004EC51A /* nostlan-ios.js */,
			);
			path = Nostlan;
			sourceTree = "<group>";
		};
		F64FE226242268F6007B2E4E /* Preview Content */ = {
			isa = PBXGroup;
			children = (
				F64FE227242268F6007B2E4E /* Preview Assets.xcassets */,
			);
			path = "Preview Content";
			sourceTree = "<group>";
		};
/* End PBXGroup section */

/* Begin PBXNativeTarget section */
		F64FE21A242268F4007B2E4E /* Nostlan */ = {
			isa = PBXNativeTarget;
			buildConfigurationList = F64FE22F242268F6007B2E4E /* Build configuration list for PBXNativeTarget "Nostlan" */;
			buildPhases = (
				F64FE217242268F4007B2E4E /* Sources */,
				F64FE218242268F4007B2E4E /* Frameworks */,
				F64FE219242268F4007B2E4E /* Resources */,
			);
			buildRules = (
			);
			dependencies = (
			);
			name = Nostlan;
			productName = Nostlan;
			productReference = F64FE21B242268F4007B2E4E /* Nostlan.app */;
			productType = "com.apple.product-type.application";
		};
/* End PBXNativeTarget section */

/* Begin PBXProject section */
		F64FE213242268F4007B2E4E /* Project object */ = {
			isa = PBXProject;
			attributes = {
				LastSwiftUpdateCheck = 1130;
				LastUpgradeCheck = 1130;
				ORGANIZATIONNAME = "Quinton Ashley";
				TargetAttributes = {
					F64FE21A242268F4007B2E4E = {
						CreatedOnToolsVersion = 11.3.1;
						ProvisioningStyle = Automatic;
					};
				};
			};
			buildConfigurationList = F64FE216242268F4007B2E4E /* Build configuration list for PBXProject "Nostlan" */;
			compatibilityVersion = "Xcode 8.0";
			developmentRegion = en;
			hasScannedForEncodings = 0;
			knownRegions = (
				en,
				Base,
			);
			mainGroup = F64FE212242268F4007B2E4E;
			productRefGroup = F64FE21C242268F4007B2E4E /* Products */;
			projectDirPath = "";
			projectRoot = "";
			targets = (
				F64FE21A242268F4007B2E4E /* Nostlan */,
			);
		};
/* End PBXProject section */

/* Begin PBXResourcesBuildPhase section */
		F64FE219242268F4007B2E4E /* Resources */ = {
			isa = PBXResourcesBuildPhase;
			buildActionMask = 2147483647;
			files = (
				F64FE22B242268F6007B2E4E /* LaunchScreen.storyboard in Resources */,
				F64FE228242268F6007B2E4E /* Preview Assets.xcassets in Resources */,
				F67DE52C2431788B004EC51A /* nostlan-ios.js in Resources */,
				F64FE225242268F6007B2E4E /* Assets.xcassets in Resources */,
			);
			runOnlyForDeploymentPostprocessing = 0;
		};
/* End PBXResourcesBuildPhase section */

/* Begin PBXSourcesBuildPhase section */
		F64FE217242268F4007B2E4E /* Sources */ = {
			isa = PBXSourcesBuildPhase;
			buildActionMask = 2147483647;
			files = (
				F64FE21F242268F4007B2E4E /* AppDelegate.swift in Sources */,
				F64FE221242268F4007B2E4E /* SceneDelegate.swift in Sources */,
				F64FE223242268F4007B2E4E /* ContentView.swift in Sources */,
			);
			runOnlyForDeploymentPostprocessing = 0;
		};
/* End PBXSourcesBuildPhase section */

/* Begin PBXVariantGroup section */
		F64FE229242268F6007B2E4E /* LaunchScreen.storyboard */ = {
			isa = PBXVariantGroup;
			children = (
				F64FE22A242268F6007B2E4E /* Base */,
			);
			name = LaunchScreen.storyboard;
			sourceTree = "<group>";
		};
/* End PBXVariantGroup section */

/* Begin XCBuildConfiguration section */
		F64FE22D242268F6007B2E4E /* Debug */ = {
			isa = XCBuildConfiguration;
			buildSettings = {
				ALWAYS_SEARCH_USER_PATHS = NO;
				CLANG_ANALYZER_NONNULL = YES;
				CLANG_ANALYZER_NUMBER_OBJECT_CONVERSION = YES_AGGRESSIVE;
				CLANG_CXX_LANGUAGE_STANDARD = "gnu++14";
				CLANG_CXX_LIBRARY = "libc++";
				CLANG_ENABLE_MODULES = YES;
				CLANG_ENABLE_OBJC_ARC = YES;
				CLANG_ENABLE_OBJC_WEAK = YES;
				CLANG_WARN_BLOCK_CAPTURE_AUTORELEASING = YES;
				CLANG_WARN_BOOL_CONVERSION = YES;
				CLANG_WARN_COMMA = YES;
				CLANG_WARN_CONSTANT_CONVERSION = YES;
				CLANG_WARN_DEPRECATED_OBJC_IMPLEMENTATIONS = YES;
				CLANG_WARN_DIRECT_OBJC_ISA_USAGE = YES_ERROR;
				CLANG_WARN_DOCUMENTATION_COMMENTS = YES;
				CLANG_WARN_EMPTY_BODY = YES;
				CLANG_WARN_ENUM_CONVERSION = YES;
				CLANG_WARN_INFINITE_RECURSION = YES;
				CLANG_WARN_INT_CONVERSION = YES;
				CLANG_WARN_NON_LITERAL_NULL_CONVERSION = YES;
				CLANG_WARN_OBJC_IMPLICIT_RETAIN_SELF = YES;
				CLANG_WARN_OBJC_LITERAL_CONVERSION = YES;
				CLANG_WARN_OBJC_ROOT_CLASS = YES_ERROR;
				CLANG_WARN_RANGE_LOOP_ANALYSIS = YES;
				CLANG_WARN_STRICT_PROTOTYPES = YES;
				CLANG_WARN_SUSPICIOUS_MOVE = YES;
				CLANG_WARN_UNGUARDED_AVAILABILITY = YES_AGGRESSIVE;
				CLANG_WARN_UNREACHABLE_CODE = YES;
				CLANG_WARN__DUPLICATE_METHOD_MATCH = YES;
				COPY_PHASE_STRIP = NO;
				DEBUG_INFORMATION_FORMAT = dwarf;
				ENABLE_STRICT_OBJC_MSGSEND = YES;
				ENABLE_TESTABILITY = YES;
				GCC_C_LANGUAGE_STANDARD = gnu11;
				GCC_DYNAMIC_NO_PIC = NO;
				GCC_NO_COMMON_BLOCKS = YES;
				GCC_OPTIMIZATION_LEVEL = 0;
				GCC_PREPROCESSOR_DEFINITIONS = (
					"DEBUG=1",
					"$(inherited)",
				);
				GCC_WARN_64_TO_32_BIT_CONVERSION = YES;
				GCC_WARN_ABOUT_RETURN_TYPE = YES_ERROR;
				GCC_WARN_UNDECLARED_SELECTOR = YES;
				GCC_WARN_UNINITIALIZED_AUTOS = YES_AGGRESSIVE;
				GCC_WARN_UNUSED_FUNCTION = YES;
				GCC_WARN_UNUSED_VARIABLE = YES;
				IPHONEOS_DEPLOYMENT_TARGET = 13.2;
				MTL_ENABLE_DEBUG_INFO = INCLUDE_SOURCE;
				MTL_FAST_MATH = YES;
				ONLY_ACTIVE_ARCH = YES;
				SDKROOT = iphoneos;
				SWIFT_ACTIVE_COMPILATION_CONDITIONS = DEBUG;
				SWIFT_OPTIMIZATION_LEVEL = "-Onone";
			};
			name = Debug;
		};
		F64FE22E242268F6007B2E4E /* Release */ = {
			isa = XCBuildConfiguration;
			buildSettings = {
				ALWAYS_SEARCH_USER_PATHS = NO;
				CLANG_ANALYZER_NONNULL = YES;
				CLANG_ANALYZER_NUMBER_OBJECT_CONVERSION = YES_AGGRESSIVE;
				CLANG_CXX_LANGUAGE_STANDARD = "gnu++14";
				CLANG_CXX_LIBRARY = "libc++";
				CLANG_ENABLE_MODULES = YES;
				CLANG_ENABLE_OBJC_ARC = YES;
				CLANG_ENABLE_OBJC_WEAK = YES;
				CLANG_WARN_BLOCK_CAPTURE_AUTORELEASING = YES;
				CLANG_WARN_BOOL_CONVERSION = YES;
				CLANG_WARN_COMMA = YES;
				CLANG_WARN_CONSTANT_CONVERSION = YES;
				CLANG_WARN_DEPRECATED_OBJC_IMPLEMENTATIONS = YES;
				CLANG_WARN_DIRECT_OBJC_ISA_USAGE = YES_ERROR;
				CLANG_WARN_DOCUMENTATION_COMMENTS = YES;
				CLANG_WARN_EMPTY_BODY = YES;
				CLANG_WARN_ENUM_CONVERSION = YES;
				CLANG_WARN_INFINITE_RECURSION = YES;
				CLANG_WARN_INT_CONVERSION = YES;
				CLANG_WARN_NON_LITERAL_NULL_CONVERSION = YES;
				CLANG_WARN_OBJC_IMPLICIT_RETAIN_SELF = YES;
				CLANG_WARN_OBJC_LITERAL_CONVERSION = YES;
				CLANG_WARN_OBJC_ROOT_CLASS = YES_ERROR;
				CLANG_WARN_RANGE_LOOP_ANALYSIS = YES;
				CLANG_WARN_STRICT_PROTOTYPES = YES;
				CLANG_WARN_SUSPICIOUS_MOVE = YES;
				CLANG_WARN_UNGUARDED_AVAILABILITY = YES_AGGRESSIVE;
				CLANG_WARN_UNREACHABLE_CODE = YES;
				CLANG_WARN__DUPLICATE_METHOD_MATCH = YES;
				COPY_PHASE_STRIP = NO;
				DEBUG_INFORMATION_FORMAT = "dwarf-with-dsym";
				ENABLE_NS_ASSERTIONS = NO;
				ENABLE_STRICT_OBJC_MSGSEND = YES;
				GCC_C_LANGUAGE_STANDARD = gnu11;
				GCC_NO_COMMON_BLOCKS = YES;
				GCC_WARN_64_TO_32_BIT_CONVERSION = YES;
				GCC_WARN_ABOUT_RETURN_TYPE = YES_ERROR;
				GCC_WARN_UNDECLARED_SELECTOR = YES;
				GCC_WARN_UNINITIALIZED_AUTOS = YES_AGGRESSIVE;
				GCC_WARN_UNUSED_FUNCTION = YES;
				GCC_WARN_UNUSED_VARIABLE = YES;
				IPHONEOS_DEPLOYMENT_TARGET = 13.2;
				MTL_ENABLE_DEBUG_INFO = NO;
				MTL_FAST_MATH = YES;
				SDKROOT = iphoneos;
				SWIFT_OPTIMIZATION_LEVEL = "-Owholemodule";
				VALIDATE_PRODUCT = YES;
			};
			name = Release;
		};
		F64FE230242268F6007B2E4E /* Debug */ = {
			isa = XCBuildConfiguration;
			buildSettings = {
				ASSETCATALOG_COMPILER_APPICON_NAME = AppIcon;
				CODE_SIGN_STYLE = Automatic;
				DEVELOPMENT_ASSET_PATHS = "\"Nostlan/Preview Content\"";
				DEVELOPMENT_TEAM = 694UE597PK;
				ENABLE_PREVIEWS = YES;
				INFOPLIST_FILE = Nostlan/Info.plist;
				IPHONEOS_DEPLOYMENT_TARGET = 13.4;
				LD_RUNPATH_SEARCH_PATHS = "$(inherited) @executable_path/Frameworks";
				PRODUCT_BUNDLE_IDENTIFIER = com.qashto.Nostlan;
				PRODUCT_NAME = "$(TARGET_NAME)";
				SWIFT_VERSION = 5.0;
				TARGETED_DEVICE_FAMILY = "1,2";
			};
			name = Debug;
		};
		F64FE231242268F6007B2E4E /* Release */ = {
			isa = XCBuildConfiguration;
			buildSettings = {
				ASSETCATALOG_COMPILER_APPICON_NAME = AppIcon;
				CODE_SIGN_STYLE = Automatic;
				DEVELOPMENT_ASSET_PATHS = "\"Nostlan/Preview Content\"";
				DEVELOPMENT_TEAM = 694UE597PK;
				ENABLE_PREVIEWS = YES;
				INFOPLIST_FILE = Nostlan/Info.plist;
				IPHONEOS_DEPLOYMENT_TARGET = 13.4;
				LD_RUNPATH_SEARCH_PATHS = "$(inherited) @executable_path/Frameworks";
				PRODUCT_BUNDLE_IDENTIFIER = com.qashto.Nostlan;
				PRODUCT_NAME = "$(TARGET_NAME)";
				SWIFT_VERSION = 5.0;
				TARGETED_DEVICE_FAMILY = "1,2";
			};
			name = Release;
		};
/* End XCBuildConfiguration section */

/* Begin XCConfigurationList section */
		F64FE216242268F4007B2E4E /* Build configuration list for PBXProject "Nostlan" */ = {
			isa = XCConfigurationList;
			buildConfigurations = (
				F64FE22D242268F6007B2E4E /* Debug */,
				F64FE22E242268F6007B2E4E /* Release */,
			);
			defaultConfigurationIsVisible = 0;
			defaultConfigurationName = Release;
		};
		F64FE22F242268F6007B2E4E /* Build configuration list for PBXNativeTarget "Nostlan" */ = {
			isa = XCConfigurationList;
			buildConfigurations = (
				F64FE230242268F6007B2E4E /* Debug */,
				F64FE231242268F6007B2E4E /* Release */,
			);
			defaultConfigurationIsVisible = 0;
			defaultConfigurationName = Release;
		};
/* End XCConfigurationList section */
	};
	rootObject = F64FE213242268F4007B2E4E /* Project object */;
}
